
Microsoft Visual Studio Solution File, Format Version 12.00
# Visual Studio Version 16
VisualStudioVersion = 16.0.30011.22
MinimumVisualStudioVersion = 10.0.40219.1
Project("{FAE04EC0-301F-11D3-BF4B-00C04F79EFBC}") = "GCCAdapterTester", "GCCAdapterTester\GCCAdapterTester.csproj", "{8AA07FBC-29CF-434E-BA50-40657A4801F8}"
EndProject
Global
	GlobalSection(SolutionConfigurationPlatforms) = preSolution
		Debug|Any CPU = Debug|Any CPU
		Release|Any CPU = Release|Any CPU
	EndGlobalSection
	GlobalSection(ProjectConfigurationPlatforms) = postSolution
		{8AA07FBC-29CF-434E-BA50-40657A4801F8}.Debug|Any CPU.ActiveCfg = Debug|Any CPU
		{8AA07FBC-29CF-434E-BA50-40657A4801F8}.Debug|Any CPU.Build.0 = Debug|Any CPU
		{8AA07FBC-29CF-434E-BA50-40657A4801F8}.Release|Any CPU.ActiveCfg = Release|Any CPU
		{8AA07FBC-29CF-434E-BA50-40657A4801F8}.Release|Any CPU.Build.0 = Release|Any CPU
	EndGlobalSection
	GlobalSection(SolutionProperties) = preSolution
		HideSolutionNode = FALSE
	EndGlobalSection
	GlobalSection(ExtensibilityGlobals) = postSolution
		SolutionGuid = {DFE03812-3F61-4BBE-9439-6E4844E83E6B}
	EndGlobalSection
EndGlobal
